// !$*UTF8*$!
{
	archiveVersion = 1;
	classes = {
	};
	objectVersion = 50;
	objects = {

/* Begin PBXBuildFile section */
		1BF0E312211949DC0047DC3A /* AppDelegate.swift in Sources */ = {isa = PBXBuildFile; fileRef = 1BF0E311211949DC0047DC3A /* AppDelegate.swift */; };
		1BF0E314211949DC0047DC3A /* ViewController.swift in Sources */ = {isa = PBXBuildFile; fileRef = 1BF0E313211949DC0047DC3A /* ViewController.swift */; };
		1BF0E317211949DC0047DC3A /* Main.storyboard in Resources */ = {isa = PBXBuildFile; fileRef = 1BF0E315211949DC0047DC3A /* Main.storyboard */; };
		1BF0E319211949DD0047DC3A /* Assets.xcassets in Resources */ = {isa = PBXBuildFile; fileRef = 1BF0E318211949DD0047DC3A /* Assets.xcassets */; };
		1BF0E31C211949DD0047DC3A /* LaunchScreen.storyboard in Resources */ = {isa = PBXBuildFile; fileRef = 1BF0E31A211949DD0047DC3A /* LaunchScreen.storyboard */; };
		1BF0E327211949DE0047DC3A /* commintDemoTests.swift in Sources */ = {isa = PBXBuildFile; fileRef = 1BF0E326211949DE0047DC3A /* commintDemoTests.swift */; };
		1BF0E332211949DE0047DC3A /* commintDemoUITests.swift in Sources */ = {isa = PBXBuildFile; fileRef = 1BF0E331211949DE0047DC3A /* commintDemoUITests.swift */; };
/* End PBXBuildFile section */

/* Begin PBXContainerItemProxy section */
		1BF0E323211949DE0047DC3A /* PBXContainerItemProxy */ = {
			isa = PBXContainerItemProxy;
			containerPortal = 1BF0E306211949DC0047DC3A /* Project object */;
			proxyType = 1;
			remoteGlobalIDString = 1BF0E30D211949DC0047DC3A;
			remoteInfo = commintDemo;
		};
		1BF0E32E211949DE0047DC3A /* PBXContainerItemProxy */ = {
			isa = PBXContainerItemProxy;
			containerPortal = 1BF0E306211949DC0047DC3A /* Project object */;
			proxyType = 1;
			remoteGlobalIDString = 1BF0E30D211949DC0047DC3A;
			remoteInfo = commintDemo;
		};
/* End PBXContainerItemProxy section */

/* Begin PBXFileReference section */
		1BF0E30E211949DC0047DC3A /* commintDemo.app */ = {isa = PBXFileReference; explicitFileType = wrapper.application; includeInIndex = 0; path = commintDemo.app; sourceTree = BUILT_PRODUCTS_DIR; };
		1BF0E311211949DC0047DC3A /* AppDelegate.swift */ = {isa = PBXFileReference; lastKnownFileType = sourcecode.swift; path = AppDelegate.swift; sourceTree = "<group>"; };
		1BF0E313211949DC0047DC3A /* ViewController.swift */ = {isa = PBXFileReference; lastKnownFileType = sourcecode.swift; path = ViewController.swift; sourceTree = "<group>"; };
		1BF0E316211949DC0047DC3A /* Base */ = {isa = PBXFileReference; lastKnownFileType = file.storyboard; name = Base; path = Base.lproj/Main.storyboard; sourceTree = "<group>"; };
		1BF0E318211949DD0047DC3A /* Assets.xcassets */ = {isa = PBXFileReference; lastKnownFileType = folder.assetcatalog; path = Assets.xcassets; sourceTree = "<group>"; };
		1BF0E31B211949DD0047DC3A /* Base */ = {isa = PBXFileReference; lastKnownFileType = file.storyboard; name = Base; path = Base.lproj/LaunchScreen.storyboard; sourceTree = "<group>"; };
		1BF0E31D211949DD0047DC3A /* Info.plist */ = {isa = PBXFileReference; lastKnownFileType = text.plist.xml; path = Info.plist; sourceTree = "<group>"; };
		1BF0E322211949DE0047DC3A /* commintDemoTests.xctest */ = {isa = PBXFileReference; explicitFileType = wrapper.cfbundle; includeInIndex = 0; path = commintDemoTests.xctest; sourceTree = BUILT_PRODUCTS_DIR; };
		1BF0E326211949DE0047DC3A /* commintDemoTests.swift */ = {isa = PBXFileReference; lastKnownFileType = sourcecode.swift; path = commintDemoTests.swift; sourceTree = "<group>"; };
		1BF0E328211949DE0047DC3A /* Info.plist */ = {isa = PBXFileReference; lastKnownFileType = text.plist.xml; path = Info.plist; sourceTree = "<group>"; };
		1BF0E32D211949DE0047DC3A /* commintDemoUITests.xctest */ = {isa = PBXFileReference; explicitFileType = wrapper.cfbundle; includeInIndex = 0; path = commintDemoUITests.xctest; sourceTree = BUILT_PRODUCTS_DIR; };
		1BF0E331211949DE0047DC3A /* commintDemoUITests.swift */ = {isa = PBXFileReference; lastKnownFileType = sourcecode.swift; path = commintDemoUITests.swift; sourceTree = "<group>"; };
		1BF0E333211949DE0047DC3A /* Info.plist */ = {isa = PBXFileReference; lastKnownFileType = text.plist.xml; path = Info.plist; sourceTree = "<group>"; };
/* End PBXFileReference section */

/* Begin PBXFrameworksBuildPhase section */
		1BF0E30B211949DC0047DC3A /* Frameworks */ = {
			isa = PBXFrameworksBuildPhase;
			buildActionMask = 2147483647;
			files = (
			);
			runOnlyForDeploymentPostprocessing = 0;
		};
		1BF0E31F211949DE0047DC3A /* Frameworks */ = {
			isa = PBXFrameworksBuildPhase;
			buildActionMask = 2147483647;
			files = (
			);
			runOnlyForDeploymentPostprocessing = 0;
		};
		1BF0E32A211949DE0047DC3A /* Frameworks */ = {
			isa = PBXFrameworksBuildPhase;
			buildActionMask = 2147483647;
			files = (
			);
			runOnlyForDeploymentPostprocessing = 0;
		};
/* End PBXFrameworksBuildPhase section */

/* Begin PBXGroup section */
		1BF0E305211949DC0047DC3A = {
			isa = PBXGroup;
			children = (
				1BF0E310211949DC0047DC3A /* commintDemo */,
				1BF0E325211949DE0047DC3A /* commintDemoTests */,
				1BF0E330211949DE0047DC3A /* commintDemoUITests */,
				1BF0E30F211949DC0047DC3A /* Products */,
			);
			sourceTree = "<group>";
		};
		1BF0E30F211949DC0047DC3A /* Products */ = {
			isa = PBXGroup;
			children = (
				1BF0E30E211949DC0047DC3A /* commintDemo.app */,
				1BF0E322211949DE0047DC3A /* commintDemoTests.xctest */,
				1BF0E32D211949DE0047DC3A /* commintDemoUITests.xctest */,
			);
			name = Products;
			sourceTree = "<group>";
		};
		1BF0E310211949DC0047DC3A /* commintDemo */ = {
			isa = PBXGroup;
			children = (
				1BF0E311211949DC0047DC3A /* AppDelegate.swift */,
				1BF0E313211949DC0047DC3A /* ViewController.swift */,
				1BF0E315211949DC0047DC3A /* Main.storyboard */,
				1BF0E318211949DD0047DC3A /* Assets.xcassets */,
				1BF0E31A211949DD0047DC3A /* LaunchScreen.storyboard */,
				1BF0E31D211949DD0047DC3A /* Info.plist */,
			);
			path = commintDemo;
			sourceTree = "<group>";
		};
		1BF0E325211949DE0047DC3A /* commintDemoTests */ = {
			isa = PBXGroup;
			children = (
				1BF0E326211949DE0047DC3A /* commintDemoTests.swift */,
				1BF0E328211949DE0047DC3A /* Info.plist */,
			);
			path = commintDemoTests;
			sourceTree = "<group>";
		};
		1BF0E330211949DE0047DC3A /* commintDemoUITests */ = {
			isa = PBXGroup;
			children = (
				1BF0E331211949DE0047DC3A /* commintDemoUITests.swift */,
				1BF0E333211949DE0047DC3A /* Info.plist */,
			);
			path = commintDemoUITests;
			sourceTree = "<group>";
		};
/* End PBXGroup section */

/* Begin PBXNativeTarget section */
		1BF0E30D211949DC0047DC3A /* commintDemo */ = {
			isa = PBXNativeTarget;
			buildConfigurationList = 1BF0E336211949DE0047DC3A /* Build configuration list for PBXNativeTarget "commintDemo" */;
			buildPhases = (
				1BF0E30A211949DC0047DC3A /* Sources */,
				1BF0E30B211949DC0047DC3A /* Frameworks */,
				1BF0E30C211949DC0047DC3A /* Resources */,
			);
			buildRules = (
			);
			dependencies = (
			);
			name = commintDemo;
			productName = commintDemo;
			productReference = 1BF0E30E211949DC0047DC3A /* commintDemo.app */;
			productType = "com.apple.product-type.application";
		};
		1BF0E321211949DE0047DC3A /* commintDemoTests */ = {
			isa = PBXNativeTarget;
			buildConfigurationList = 1BF0E339211949DE0047DC3A /* Build configuration list for PBXNativeTarget "commintDemoTests" */;
			buildPhases = (
				1BF0E31E211949DE0047DC3A /* Sources */,
				1BF0E31F211949DE0047DC3A /* Frameworks */,
				1BF0E320211949DE0047DC3A /* Resources */,
			);
			buildRules = (
			);
			dependencies = (
				1BF0E324211949DE0047DC3A /* PBXTargetDependency */,
			);
			name = commintDemoTests;
			productName = commintDemoTests;
			productReference = 1BF0E322211949DE0047DC3A /* commintDemoTests.xctest */;
			productType = "com.apple.product-type.bundle.unit-test";
		};
		1BF0E32C211949DE0047DC3A /* commintDemoUITests */ = {
			isa = PBXNativeTarget;
			buildConfigurationList = 1BF0E33C211949DE0047DC3A /* Build configuration list for PBXNativeTarget "commintDemoUITests" */;
			buildPhases = (
				1BF0E329211949DE0047DC3A /* Sources */,
				1BF0E32A211949DE0047DC3A /* Frameworks */,
				1BF0E32B211949DE0047DC3A /* Resources */,
			);
			buildRules = (
			);
			dependencies = (
				1BF0E32F211949DE0047DC3A /* PBXTargetDependency */,
			);
			name = commintDemoUITests;
			productName = commintDemoUITests;
			productReference = 1BF0E32D211949DE0047DC3A /* commintDemoUITests.xctest */;
			productType = "com.apple.product-type.bundle.ui-testing";
		};
/* End PBXNativeTarget section */

/* Begin PBXProject section */
		1BF0E306211949DC0047DC3A /* Project object */ = {
			isa = PBXProject;
			attributes = {
				LastSwiftUpdateCheck = 0930;
				LastUpgradeCheck = 0930;
				ORGANIZATIONNAME = "Rajesh Vishnani";
				TargetAttributes = {
					1BF0E30D211949DC0047DC3A = {
						CreatedOnToolsVersion = 9.3.1;
					};
					1BF0E321211949DE0047DC3A = {
						CreatedOnToolsVersion = 9.3.1;
						TestTargetID = 1BF0E30D211949DC0047DC3A;
					};
					1BF0E32C211949DE0047DC3A = {
						CreatedOnToolsVersion = 9.3.1;
						TestTargetID = 1BF0E30D211949DC0047DC3A;
					};
				};
			};
			buildConfigurationList = 1BF0E309211949DC0047DC3A /* Build configuration list for PBXProject "commintDemo" */;
			compatibilityVersion = "Xcode 9.3";
			developmentRegion = en;
			hasScannedForEncodings = 0;
			knownRegions = (
				en,
				Base,
			);
			mainGroup = 1BF0E305211949DC0047DC3A;
			productRefGroup = 1BF0E30F211949DC0047DC3A /* Products */;
			projectDirPath = "";
			projectRoot = "";
			targets = (
				1BF0E30D211949DC0047DC3A /* commintDemo */,
				1BF0E321211949DE0047DC3A /* commintDemoTests */,
				1BF0E32C211949DE0047DC3A /* commintDemoUITests */,
			);
		};
/* End PBXProject section */

/* Begin PBXResourcesBuildPhase section */
		1BF0E30C211949DC0047DC3A /* Resources */ = {
			isa = PBXResourcesBuildPhase;
			buildActionMask = 2147483647;
			files = (
				1BF0E31C211949DD0047DC3A /* LaunchScreen.storyboard in Resources */,
				1BF0E319211949DD0047DC3A /* Assets.xcassets in Resources */,
				1BF0E317211949DC0047DC3A /* Main.storyboard in Resources */,
			);
			runOnlyForDeploymentPostprocessing = 0;
		};
		1BF0E320211949DE0047DC3A /* Resources */ = {
			isa = PBXResourcesBuildPhase;
			buildActionMask = 2147483647;
			files = (
			);
			runOnlyForDeploymentPostprocessing = 0;
		};
		1BF0E32B211949DE0047DC3A /* Resources */ = {
			isa = PBXResourcesBuildPhase;
			buildActionMask = 2147483647;
			files = (
			);
			runOnlyForDeploymentPostprocessing = 0;
		};
/* End PBXResourcesBuildPhase section */

/* Begin PBXSourcesBuildPhase section */
		1BF0E30A211949DC0047DC3A /* Sources */ = {
			isa = PBXSourcesBuildPhase;
			buildActionMask = 2147483647;
			files = (
				1BF0E314211949DC0047DC3A /* ViewController.swift in Sources */,
				1BF0E312211949DC0047DC3A /* AppDelegate.swift in Sources */,
			);
			runOnlyForDeploymentPostprocessing = 0;
		};
		1BF0E31E211949DE0047DC3A /* Sources */ = {
			isa = PBXSourcesBuildPhase;
			buildActionMask = 2147483647;
			files = (
				1BF0E327211949DE0047DC3A /* commintDemoTests.swift in Sources */,
			);
			runOnlyForDeploymentPostprocessing = 0;
		};
		1BF0E329211949DE0047DC3A /* Sources */ = {
			isa = PBXSourcesBuildPhase;
			buildActionMask = 2147483647;
			files = (
				1BF0E332211949DE0047DC3A /* commintDemoUITests.swift in Sources */,
			);
			runOnlyForDeploymentPostprocessing = 0;
		};
/* End PBXSourcesBuildPhase section */

/* Begin PBXTargetDependency section */
		1BF0E324211949DE0047DC3A /* PBXTargetDependency */ = {
			isa = PBXTargetDependency;
			target = 1BF0E30D211949DC0047DC3A /* commintDemo */;
			targetProxy = 1BF0E323211949DE0047DC3A /* PBXContainerItemProxy */;
		};
		1BF0E32F211949DE0047DC3A /* PBXTargetDependency */ = {
			isa = PBXTargetDependency;
			target = 1BF0E30D211949DC0047DC3A /* commintDemo */;
			targetProxy = 1BF0E32E211949DE0047DC3A /* PBXContainerItemProxy */;
		};
/* End PBXTargetDependency section */

/* Begin PBXVariantGroup section */
		1BF0E315211949DC0047DC3A /* Main.storyboard */ = {
			isa = PBXVariantGroup;
			children = (
				1BF0E316211949DC0047DC3A /* Base */,
			);
			name = Main.storyboard;
			sourceTree = "<group>";
		};
		1BF0E31A211949DD0047DC3A /* LaunchScreen.storyboard */ = {
			isa = PBXVariantGroup;
			children = (
				1BF0E31B211949DD0047DC3A /* Base */,
			);
			name = LaunchScreen.storyboard;
			sourceTree = "<group>";
		};
/* End PBXVariantGroup section */

/* Begin XCBuildConfiguration section */
		1BF0E334211949DE0047DC3A /* Debug */ = {
			isa = XCBuildConfiguration;
			buildSettings = {
				ALWAYS_SEARCH_USER_PATHS = NO;
				CLANG_ANALYZER_NONNULL = YES;
				CLANG_ANALYZER_NUMBER_OBJECT_CONVERSION = YES_AGGRESSIVE;
				CLANG_CXX_LANGUAGE_STANDARD = "gnu++14";
				CLANG_CXX_LIBRARY = "libc++";
				CLANG_ENABLE_MODULES = YES;
				CLANG_ENABLE_OBJC_ARC = YES;
				CLANG_ENABLE_OBJC_WEAK = YES;
				CLANG_WARN_BLOCK_CAPTURE_AUTORELEASING = YES;
				CLANG_WARN_BOOL_CONVERSION = YES;
				CLANG_WARN_COMMA = YES;
				CLANG_WARN_CONSTANT_CONVERSION = YES;
				CLANG_WARN_DEPRECATED_OBJC_IMPLEMENTATIONS = YES;
				CLANG_WARN_DIRECT_OBJC_ISA_USAGE = YES_ERROR;
				CLANG_WARN_DOCUMENTATION_COMMENTS = YES;
				CLANG_WARN_EMPTY_BODY = YES;
				CLANG_WARN_ENUM_CONVERSION = YES;
				CLANG_WARN_INFINITE_RECURSION = YES;
				CLANG_WARN_INT_CONVERSION = YES;
				CLANG_WARN_NON_LITERAL_NULL_CONVERSION = YES;
				CLANG_WARN_OBJC_IMPLICIT_RETAIN_SELF = YES;
				CLANG_WARN_OBJC_LITERAL_CONVERSION = YES;
				CLANG_WARN_OBJC_ROOT_CLASS = YES_ERROR;
				CLANG_WARN_RANGE_LOOP_ANALYSIS = YES;
				CLANG_WARN_STRICT_PROTOTYPES = YES;
				CLANG_WARN_SUSPICIOUS_MOVE = YES;
				CLANG_WARN_UNGUARDED_AVAILABILITY = YES_AGGRESSIVE;
				CLANG_WARN_UNREACHABLE_CODE = YES;
				CLANG_WARN__DUPLICATE_METHOD_MATCH = YES;
				CODE_SIGN_IDENTITY = "iPhone Developer";
				COPY_PHASE_STRIP = NO;
				DEBUG_INFORMATION_FORMAT = dwarf;
				ENABLE_STRICT_OBJC_MSGSEND = YES;
				ENABLE_TESTABILITY = YES;
				GCC_C_LANGUAGE_STANDARD = gnu11;
				GCC_DYNAMIC_NO_PIC = NO;
				GCC_NO_COMMON_BLOCKS = YES;
				GCC_OPTIMIZATION_LEVEL = 0;
				GCC_PREPROCESSOR_DEFINITIONS = (
					"DEBUG=1",
					"$(inherited)",
				);
				GCC_WARN_64_TO_32_BIT_CONVERSION = YES;
				GCC_WARN_ABOUT_RETURN_TYPE = YES_ERROR;
				GCC_WARN_UNDECLARED_SELECTOR = YES;
				GCC_WARN_UNINITIALIZED_AUTOS = YES_AGGRESSIVE;
				GCC_WARN_UNUSED_FUNCTION = YES;
				GCC_WARN_UNUSED_VARIABLE = YES;
				IPHONEOS_DEPLOYMENT_TARGET = 11.3;
				MTL_ENABLE_DEBUG_INFO = YES;
				ONLY_ACTIVE_ARCH = YES;
				SDKROOT = iphoneos;
				SWIFT_ACTIVE_COMPILATION_CONDITIONS = DEBUG;
				SWIFT_OPTIMIZATION_LEVEL = "-Onone";
			};
			name = Debug;
		};
		1BF0E335211949DE0047DC3A /* Release */ = {
			isa = XCBuildConfiguration;
			buildSettings = {
				ALWAYS_SEARCH_USER_PATHS = NO;
				CLANG_ANALYZER_NONNULL = YES;
				CLANG_ANALYZER_NUMBER_OBJECT_CONVERSION = YES_AGGRESSIVE;
				CLANG_CXX_LANGUAGE_STANDARD = "gnu++14";
				CLANG_CXX_LIBRARY = "libc++";
				CLANG_ENABLE_MODULES = YES;
				CLANG_ENABLE_OBJC_ARC = YES;
				CLANG_ENABLE_OBJC_WEAK = YES;
				CLANG_WARN_BLOCK_CAPTURE_AUTORELEASING = YES;
				CLANG_WARN_BOOL_CONVERSION = YES;
				CLANG_WARN_COMMA = YES;
				CLANG_WARN_CONSTANT_CONVERSION = YES;
				CLANG_WARN_DEPRECATED_OBJC_IMPLEMENTATIONS = YES;
				CLANG_WARN_DIRECT_OBJC_ISA_USAGE = YES_ERROR;
				CLANG_WARN_DOCUMENTATION_COMMENTS = YES;
				CLANG_WARN_EMPTY_BODY = YES;
				CLANG_WARN_ENUM_CONVERSION = YES;
				CLANG_WARN_INFINITE_RECURSION = YES;
				CLANG_WARN_INT_CONVERSION = YES;
				CLANG_WARN_NON_LITERAL_NULL_CONVERSION = YES;
				CLANG_WARN_OBJC_IMPLICIT_RETAIN_SELF = YES;
				CLANG_WARN_OBJC_LITERAL_CONVERSION = YES;
				CLANG_WARN_OBJC_ROOT_CLASS = YES_ERROR;
				CLANG_WARN_RANGE_LOOP_ANALYSIS = YES;
				CLANG_WARN_STRICT_PROTOTYPES = YES;
				CLANG_WARN_SUSPICIOUS_MOVE = YES;
				CLANG_WARN_UNGUARDED_AVAILABILITY = YES_AGGRESSIVE;
				CLANG_WARN_UNREACHABLE_CODE = YES;
				CLANG_WARN__DUPLICATE_METHOD_MATCH = YES;
				CODE_SIGN_IDENTITY = "iPhone Developer";
				COPY_PHASE_STRIP = NO;
				DEBUG_INFORMATION_FORMAT = "dwarf-with-dsym";
				ENABLE_NS_ASSERTIONS = NO;
				ENABLE_STRICT_OBJC_MSGSEND = YES;
				GCC_C_LANGUAGE_STANDARD = gnu11;
				GCC_NO_COMMON_BLOCKS = YES;
				GCC_WARN_64_TO_32_BIT_CONVERSION = YES;
				GCC_WARN_ABOUT_RETURN_TYPE = YES_ERROR;
				GCC_WARN_UNDECLARED_SELECTOR = YES;
				GCC_WARN_UNINITIALIZED_AUTOS = YES_AGGRESSIVE;
				GCC_WARN_UNUSED_FUNCTION = YES;
				GCC_WARN_UNUSED_VARIABLE = YES;
				IPHONEOS_DEPLOYMENT_TARGET = 11.3;
				MTL_ENABLE_DEBUG_INFO = NO;
				SDKROOT = iphoneos;
				SWIFT_COMPILATION_MODE = wholemodule;
				SWIFT_OPTIMIZATION_LEVEL = "-O";
				VALIDATE_PRODUCT = YES;
			};
			name = Release;
		};
		1BF0E337211949DE0047DC3A /* Debug */ = {
			isa = XCBuildConfiguration;
			buildSettings = {
				ASSETCATALOG_COMPILER_APPICON_NAME = AppIcon;
				CODE_SIGN_STYLE = Automatic;
				INFOPLIST_FILE = commintDemo/Info.plist;
				LD_RUNPATH_SEARCH_PATHS = (
					"$(inherited)",
					"@executable_path/Frameworks",
				);
				PRODUCT_BUNDLE_IDENTIFIER = com..commintDemo;
				PRODUCT_NAME = "$(TARGET_NAME)";
				SWIFT_VERSION = 4.0;
				TARGETED_DEVICE_FAMILY = "1,2";
			};
			name = Debug;
		};
		1BF0E338211949DE0047DC3A /* Release */ = {
			isa = XCBuildConfiguration;
			buildSettings = {
				ASSETCATALOG_COMPILER_APPICON_NAME = AppIcon;
				CODE_SIGN_STYLE = Automatic;
				INFOPLIST_FILE = commintDemo/Info.plist;
				LD_RUNPATH_SEARCH_PATHS = (
					"$(inherited)",
					"@executable_path/Frameworks",
				);
				PRODUCT_BUNDLE_IDENTIFIER = com..commintDemo;
				PRODUCT_NAME = "$(TARGET_NAME)";
				SWIFT_VERSION = 4.0;
				TARGETED_DEVICE_FAMILY = "1,2";
			};
			name = Release;
		};
		1BF0E33A211949DE0047DC3A /* Debug */ = {
			isa = XCBuildConfiguration;
			buildSettings = {
				ALWAYS_EMBED_SWIFT_STANDARD_LIBRARIES = YES;
				BUNDLE_LOADER = "$(TEST_HOST)";
				CODE_SIGN_STYLE = Automatic;
				INFOPLIST_FILE = commintDemoTests/Info.plist;
				LD_RUNPATH_SEARCH_PATHS = (
					"$(inherited)",
					"@executable_path/Frameworks",
					"@loader_path/Frameworks",
				);
				PRODUCT_BUNDLE_IDENTIFIER = com..commintDemoTests;
				PRODUCT_NAME = "$(TARGET_NAME)";
				SWIFT_VERSION = 4.0;
				TARGETED_DEVICE_FAMILY = "1,2";
				TEST_HOST = "$(BUILT_PRODUCTS_DIR)/commintDemo.app/commintDemo";
			};
			name = Debug;
		};
		1BF0E33B211949DE0047DC3A /* Release */ = {
			isa = XCBuildConfiguration;
			buildSettings = {
				ALWAYS_EMBED_SWIFT_STANDARD_LIBRARIES = YES;
				BUNDLE_LOADER = "$(TEST_HOST)";
				CODE_SIGN_STYLE = Automatic;
				INFOPLIST_FILE = commintDemoTests/Info.plist;
				LD_RUNPATH_SEARCH_PATHS = (
					"$(inherited)",
					"@executable_path/Frameworks",
					"@loader_path/Frameworks",
				);
				PRODUCT_BUNDLE_IDENTIFIER = com..commintDemoTests;
				PRODUCT_NAME = "$(TARGET_NAME)";
				SWIFT_VERSION = 4.0;
				TARGETED_DEVICE_FAMILY = "1,2";
				TEST_HOST = "$(BUILT_PRODUCTS_DIR)/commintDemo.app/commintDemo";
			};
			name = Release;
		};
		1BF0E33D211949DE0047DC3A /* Debug */ = {
			isa = XCBuildConfiguration;
			buildSettings = {
				ALWAYS_EMBED_SWIFT_STANDARD_LIBRARIES = YES;
				CODE_SIGN_STYLE = Automatic;
				INFOPLIST_FILE = commintDemoUITests/Info.plist;
				LD_RUNPATH_SEARCH_PATHS = (
					"$(inherited)",
					"@executable_path/Frameworks",
					"@loader_path/Frameworks",
				);
				PRODUCT_BUNDLE_IDENTIFIER = com..commintDemoUITests;
				PRODUCT_NAME = "$(TARGET_NAME)";
				SWIFT_VERSION = 4.0;
				TARGETED_DEVICE_FAMILY = "1,2";
				TEST_TARGET_NAME = commintDemo;
			};
			name = Debug;
		};
		1BF0E33E211949DE0047DC3A /* Release */ = {
			isa = XCBuildConfiguration;
			buildSettings = {
				ALWAYS_EMBED_SWIFT_STANDARD_LIBRARIES = YES;
				CODE_SIGN_STYLE = Automatic;
				INFOPLIST_FILE = commintDemoUITests/Info.plist;
				LD_RUNPATH_SEARCH_PATHS = (
					"$(inherited)",
					"@executable_path/Frameworks",
					"@loader_path/Frameworks",
				);
				PRODUCT_BUNDLE_IDENTIFIER = com..commintDemoUITests;
				PRODUCT_NAME = "$(TARGET_NAME)";
				SWIFT_VERSION = 4.0;
				TARGETED_DEVICE_FAMILY = "1,2";
				TEST_TARGET_NAME = commintDemo;
			};
			name = Release;
		};
/* End XCBuildConfiguration section */

/* Begin XCConfigurationList section */
		1BF0E309211949DC0047DC3A /* Build configuration list for PBXProject "commintDemo" */ = {
			isa = XCConfigurationList;
			buildConfigurations = (
				1BF0E334211949DE0047DC3A /* Debug */,
				1BF0E335211949DE0047DC3A /* Release */,
			);
			defaultConfigurationIsVisible = 0;
			defaultConfigurationName = Release;
		};
		1BF0E336211949DE0047DC3A /* Build configuration list for PBXNativeTarget "commintDemo" */ = {
			isa = XCConfigurationList;
			buildConfigurations = (
				1BF0E337211949DE0047DC3A /* Debug */,
				1BF0E338211949DE0047DC3A /* Release */,
			);
			defaultConfigurationIsVisible = 0;
			defaultConfigurationName = Release;
		};
		1BF0E339211949DE0047DC3A /* Build configuration list for PBXNativeTarget "commintDemoTests" */ = {
			isa = XCConfigurationList;
			buildConfigurations = (
				1BF0E33A211949DE0047DC3A /* Debug */,
				1BF0E33B211949DE0047DC3A /* Release */,
			);
			defaultConfigurationIsVisible = 0;
			defaultConfigurationName = Release;
		};
		1BF0E33C211949DE0047DC3A /* Build configuration list for PBXNativeTarget "commintDemoUITests" */ = {
			isa = XCConfigurationList;
			buildConfigurations = (
				1BF0E33D211949DE0047DC3A /* Debug */,
				1BF0E33E211949DE0047DC3A /* Release */,
			);
			defaultConfigurationIsVisible = 0;
			defaultConfigurationName = Release;
		};
/* End XCConfigurationList section */
	};
	rootObject = 1BF0E306211949DC0047DC3A /* Project object */;
}
